// !$*UTF8*$!
{
	archiveVersion = 1;
	classes = {
	};
	objectVersion = 55;
	objects = {

/* Begin PBXBuildFile section */
		569C85EC28E5C92500994E47 /* AppDelegate.swift in Sources */ = {isa = PBXBuildFile; fileRef = 569C85EB28E5C92500994E47 /* AppDelegate.swift */; };
		569C85EE28E5C92500994E47 /* SceneDelegate.swift in Sources */ = {isa = PBXBuildFile; fileRef = 569C85ED28E5C92500994E47 /* SceneDelegate.swift */; };
		569C85F028E5C92500994E47 /* ViewController.swift in Sources */ = {isa = PBXBuildFile; fileRef = 569C85EF28E5C92500994E47 /* ViewController.swift */; };
		569C85F528E5C92600994E47 /* Assets.xcassets in Resources */ = {isa = PBXBuildFile; fileRef = 569C85F428E5C92600994E47 /* Assets.xcassets */; };
		569C85F828E5C92600994E47 /* LaunchScreen.storyboard in Resources */ = {isa = PBXBuildFile; fileRef = 569C85F628E5C92600994E47 /* LaunchScreen.storyboard */; };
		569C860628E5CDA700994E47 /* DescribedError.swift in Sources */ = {isa = PBXBuildFile; fileRef = 569C860528E5CDA700994E47 /* DescribedError.swift */; };
		569C860828E5CDB000994E47 /* AnyError.swift in Sources */ = {isa = PBXBuildFile; fileRef = 569C860728E5CDB000994E47 /* AnyError.swift */; };
		569C860A28E5D17D00994E47 /* APIError.swift in Sources */ = {isa = PBXBuildFile; fileRef = 569C860928E5D17D00994E47 /* APIError.swift */; };
		569C860D28E5D32500994E47 /* Task.swift in Sources */ = {isa = PBXBuildFile; fileRef = 569C860C28E5D32500994E47 /* Task.swift */; };
		569C861028E5D48200994E47 /* DataTaskResult.swift in Sources */ = {isa = PBXBuildFile; fileRef = 569C860F28E5D48200994E47 /* DataTaskResult.swift */; };
		569C861428E5D9DA00994E47 /* DataTaskResultHandler.swift in Sources */ = {isa = PBXBuildFile; fileRef = 569C861328E5D9DA00994E47 /* DataTaskResultHandler.swift */; };
		569C861928E5DB5C00994E47 /* Date Constants.swift in Sources */ = {isa = PBXBuildFile; fileRef = 569C861828E5DB5C00994E47 /* Date Constants.swift */; };
		569C861C28E5DCAD00994E47 /* JSONManager.swift in Sources */ = {isa = PBXBuildFile; fileRef = 569C861B28E5DCAD00994E47 /* JSONManager.swift */; };
		569C861E28E5DEA300994E47 /* JSONDataFormatter.swift in Sources */ = {isa = PBXBuildFile; fileRef = 569C861D28E5DEA300994E47 /* JSONDataFormatter.swift */; };
		569C862028E5E08A00994E47 /* DataTaskResultDataFormatter.swift in Sources */ = {isa = PBXBuildFile; fileRef = 569C861F28E5E08A00994E47 /* DataTaskResultDataFormatter.swift */; };
		569C862428E5F3FD00994E47 /* HTTPMethod.swift in Sources */ = {isa = PBXBuildFile; fileRef = 569C862328E5F3FD00994E47 /* HTTPMethod.swift */; };
		569C862628E5F45200994E47 /* APIRequest.swift in Sources */ = {isa = PBXBuildFile; fileRef = 569C862528E5F45200994E47 /* APIRequest.swift */; };
		569C862828E5F58500994E47 /* URLRequestBuilder.swift in Sources */ = {isa = PBXBuildFile; fileRef = 569C862728E5F58500994E47 /* URLRequestBuilder.swift */; };
		569C862A28E5F87A00994E47 /* TaskBuilder.swift in Sources */ = {isa = PBXBuildFile; fileRef = 569C862928E5F87A00994E47 /* TaskBuilder.swift */; };
		569C862D28E5FB2600994E47 /* BackendMethod.swift in Sources */ = {isa = PBXBuildFile; fileRef = 569C862C28E5FB2600994E47 /* BackendMethod.swift */; };
		569C862F28E5FCD700994E47 /* DefaultBackendMethod.swift in Sources */ = {isa = PBXBuildFile; fileRef = 569C862E28E5FCD700994E47 /* DefaultBackendMethod.swift */; };
		569C863828E747DB00994E47 /* CrypticAPI.swift in Sources */ = {isa = PBXBuildFile; fileRef = 569C863728E747DB00994E47 /* CrypticAPI.swift */; };
/* End PBXBuildFile section */

/* Begin PBXFileReference section */
		569C85E828E5C92500994E47 /* Cryptic API.app */ = {isa = PBXFileReference; explicitFileType = wrapper.application; includeInIndex = 0; path = "Cryptic API.app"; sourceTree = BUILT_PRODUCTS_DIR; };
		569C85EB28E5C92500994E47 /* AppDelegate.swift */ = {isa = PBXFileReference; lastKnownFileType = sourcecode.swift; path = AppDelegate.swift; sourceTree = "<group>"; };
		569C85ED28E5C92500994E47 /* SceneDelegate.swift */ = {isa = PBXFileReference; lastKnownFileType = sourcecode.swift; path = SceneDelegate.swift; sourceTree = "<group>"; };
		569C85EF28E5C92500994E47 /* ViewController.swift */ = {isa = PBXFileReference; lastKnownFileType = sourcecode.swift; path = ViewController.swift; sourceTree = "<group>"; };
		569C85F428E5C92600994E47 /* Assets.xcassets */ = {isa = PBXFileReference; lastKnownFileType = folder.assetcatalog; path = Assets.xcassets; sourceTree = "<group>"; };
		569C85F728E5C92600994E47 /* Base */ = {isa = PBXFileReference; lastKnownFileType = file.storyboard; name = Base; path = Base.lproj/LaunchScreen.storyboard; sourceTree = "<group>"; };
		569C85F928E5C92600994E47 /* Info.plist */ = {isa = PBXFileReference; lastKnownFileType = text.plist.xml; path = Info.plist; sourceTree = "<group>"; };
		569C860528E5CDA700994E47 /* DescribedError.swift */ = {isa = PBXFileReference; lastKnownFileType = sourcecode.swift; path = DescribedError.swift; sourceTree = "<group>"; };
		569C860728E5CDB000994E47 /* AnyError.swift */ = {isa = PBXFileReference; lastKnownFileType = sourcecode.swift; path = AnyError.swift; sourceTree = "<group>"; };
		569C860928E5D17D00994E47 /* APIError.swift */ = {isa = PBXFileReference; lastKnownFileType = sourcecode.swift; path = APIError.swift; sourceTree = "<group>"; };
		569C860C28E5D32500994E47 /* Task.swift */ = {isa = PBXFileReference; lastKnownFileType = sourcecode.swift; path = Task.swift; sourceTree = "<group>"; };
		569C860F28E5D48200994E47 /* DataTaskResult.swift */ = {isa = PBXFileReference; lastKnownFileType = sourcecode.swift; path = DataTaskResult.swift; sourceTree = "<group>"; };
		569C861328E5D9DA00994E47 /* DataTaskResultHandler.swift */ = {isa = PBXFileReference; lastKnownFileType = sourcecode.swift; path = DataTaskResultHandler.swift; sourceTree = "<group>"; };
		569C861828E5DB5C00994E47 /* Date Constants.swift */ = {isa = PBXFileReference; lastKnownFileType = sourcecode.swift; path = "Date Constants.swift"; sourceTree = "<group>"; };
		569C861B28E5DCAD00994E47 /* JSONManager.swift */ = {isa = PBXFileReference; lastKnownFileType = sourcecode.swift; path = JSONManager.swift; sourceTree = "<group>"; };
		569C861D28E5DEA300994E47 /* JSONDataFormatter.swift */ = {isa = PBXFileReference; lastKnownFileType = sourcecode.swift; path = JSONDataFormatter.swift; sourceTree = "<group>"; };
		569C861F28E5E08A00994E47 /* DataTaskResultDataFormatter.swift */ = {isa = PBXFileReference; lastKnownFileType = sourcecode.swift; path = DataTaskResultDataFormatter.swift; sourceTree = "<group>"; };
		569C862328E5F3FD00994E47 /* HTTPMethod.swift */ = {isa = PBXFileReference; lastKnownFileType = sourcecode.swift; path = HTTPMethod.swift; sourceTree = "<group>"; };
		569C862528E5F45200994E47 /* APIRequest.swift */ = {isa = PBXFileReference; lastKnownFileType = sourcecode.swift; path = APIRequest.swift; sourceTree = "<group>"; };
		569C862728E5F58500994E47 /* URLRequestBuilder.swift */ = {isa = PBXFileReference; lastKnownFileType = sourcecode.swift; path = URLRequestBuilder.swift; sourceTree = "<group>"; };
		569C862928E5F87A00994E47 /* TaskBuilder.swift */ = {isa = PBXFileReference; lastKnownFileType = sourcecode.swift; path = TaskBuilder.swift; sourceTree = "<group>"; };
		569C862C28E5FB2600994E47 /* BackendMethod.swift */ = {isa = PBXFileReference; lastKnownFileType = sourcecode.swift; path = BackendMethod.swift; sourceTree = "<group>"; };
		569C862E28E5FCD700994E47 /* DefaultBackendMethod.swift */ = {isa = PBXFileReference; lastKnownFileType = sourcecode.swift; path = DefaultBackendMethod.swift; sourceTree = "<group>"; };
		569C863728E747DB00994E47 /* CrypticAPI.swift */ = {isa = PBXFileReference; lastKnownFileType = sourcecode.swift; path = CrypticAPI.swift; sourceTree = "<group>"; };
/* End PBXFileReference section */

/* Begin PBXFrameworksBuildPhase section */
		569C85E528E5C92500994E47 /* Frameworks */ = {
			isa = PBXFrameworksBuildPhase;
			buildActionMask = 2147483647;
			files = (
			);
			runOnlyForDeploymentPostprocessing = 0;
		};
/* End PBXFrameworksBuildPhase section */

/* Begin PBXGroup section */
		569C85DF28E5C92500994E47 = {
			isa = PBXGroup;
			children = (
				569C85EA28E5C92500994E47 /* Cryptic API */,
				569C85E928E5C92500994E47 /* Products */,
			);
			sourceTree = "<group>";
		};
		569C85E928E5C92500994E47 /* Products */ = {
			isa = PBXGroup;
			children = (
				569C85E828E5C92500994E47 /* Cryptic API.app */,
			);
			name = Products;
			sourceTree = "<group>";
		};
		569C85EA28E5C92500994E47 /* Cryptic API */ = {
			isa = PBXGroup;
			children = (
				569C860428E5CD9800994E47 /* Errors */,
				569C860B28E5D31400994E47 /* Task */,
				569C860E28E5D47200994E47 /* Result */,
				569C862228E5F3EF00994E47 /* Request */,
				569C862B28E5F9E600994E47 /* Backend Method */,
				569C861728E5DB3E00994E47 /* Constants */,
				569C861A28E5DCA200994E47 /* JSON */,
				569C85EB28E5C92500994E47 /* AppDelegate.swift */,
				569C85ED28E5C92500994E47 /* SceneDelegate.swift */,
				569C85EF28E5C92500994E47 /* ViewController.swift */,
				569C85F428E5C92600994E47 /* Assets.xcassets */,
				569C85F628E5C92600994E47 /* LaunchScreen.storyboard */,
				569C85F928E5C92600994E47 /* Info.plist */,
			);
			path = "Cryptic API";
			sourceTree = "<group>";
		};
		569C860428E5CD9800994E47 /* Errors */ = {
			isa = PBXGroup;
			children = (
				569C860528E5CDA700994E47 /* DescribedError.swift */,
				569C860728E5CDB000994E47 /* AnyError.swift */,
				569C860928E5D17D00994E47 /* APIError.swift */,
			);
			path = Errors;
			sourceTree = "<group>";
		};
		569C860B28E5D31400994E47 /* Task */ = {
			isa = PBXGroup;
			children = (
				569C860C28E5D32500994E47 /* Task.swift */,
				569C862928E5F87A00994E47 /* TaskBuilder.swift */,
			);
			path = Task;
			sourceTree = "<group>";
		};
		569C860E28E5D47200994E47 /* Result */ = {
			isa = PBXGroup;
			children = (
				569C860F28E5D48200994E47 /* DataTaskResult.swift */,
				569C861328E5D9DA00994E47 /* DataTaskResultHandler.swift */,
				569C861F28E5E08A00994E47 /* DataTaskResultDataFormatter.swift */,
			);
			path = Result;
			sourceTree = "<group>";
		};
		569C861728E5DB3E00994E47 /* Constants */ = {
			isa = PBXGroup;
			children = (
				569C861828E5DB5C00994E47 /* Date Constants.swift */,
			);
			path = Constants;
			sourceTree = "<group>";
		};
		569C861A28E5DCA200994E47 /* JSON */ = {
			isa = PBXGroup;
			children = (
				569C861B28E5DCAD00994E47 /* JSONManager.swift */,
				569C861D28E5DEA300994E47 /* JSONDataFormatter.swift */,
			);
			path = JSON;
			sourceTree = "<group>";
		};
		569C862228E5F3EF00994E47 /* Request */ = {
			isa = PBXGroup;
			children = (
				569C862328E5F3FD00994E47 /* HTTPMethod.swift */,
				569C862528E5F45200994E47 /* APIRequest.swift */,
				569C862728E5F58500994E47 /* URLRequestBuilder.swift */,
			);
			path = Request;
			sourceTree = "<group>";
		};
		569C862B28E5F9E600994E47 /* Backend Method */ = {
			isa = PBXGroup;
			children = (
				569C862C28E5FB2600994E47 /* BackendMethod.swift */,
				569C862E28E5FCD700994E47 /* DefaultBackendMethod.swift */,
				569C863628E747C100994E47 /* API Backend Method */,
			);
			path = "Backend Method";
			sourceTree = "<group>";
		};
		569C863628E747C100994E47 /* API Backend Method */ = {
			isa = PBXGroup;
			children = (
				569C863728E747DB00994E47 /* CrypticAPI.swift */,
			);
			path = "API Backend Method";
			sourceTree = "<group>";
		};
/* End PBXGroup section */

/* Begin PBXNativeTarget section */
		569C85E728E5C92500994E47 /* Cryptic API */ = {
			isa = PBXNativeTarget;
			buildConfigurationList = 569C85FC28E5C92600994E47 /* Build configuration list for PBXNativeTarget "Cryptic API" */;
			buildPhases = (
				569C85E428E5C92500994E47 /* Sources */,
				569C85E528E5C92500994E47 /* Frameworks */,
				569C85E628E5C92500994E47 /* Resources */,
			);
			buildRules = (
			);
			dependencies = (
			);
			name = "Cryptic API";
			productName = "Cryptic API";
			productReference = 569C85E828E5C92500994E47 /* Cryptic API.app */;
			productType = "com.apple.product-type.application";
		};
/* End PBXNativeTarget section */

/* Begin PBXProject section */
		569C85E028E5C92500994E47 /* Project object */ = {
			isa = PBXProject;
			attributes = {
				BuildIndependentTargetsInParallel = 1;
				LastSwiftUpdateCheck = 1330;
				LastUpgradeCheck = 1330;
				TargetAttributes = {
					569C85E728E5C92500994E47 = {
						CreatedOnToolsVersion = 13.3.1;
					};
				};
			};
			buildConfigurationList = 569C85E328E5C92500994E47 /* Build configuration list for PBXProject "Cryptic API" */;
			compatibilityVersion = "Xcode 13.0";
			developmentRegion = en;
			hasScannedForEncodings = 0;
			knownRegions = (
				en,
				Base,
			);
			mainGroup = 569C85DF28E5C92500994E47;
			productRefGroup = 569C85E928E5C92500994E47 /* Products */;
			projectDirPath = "";
			projectRoot = "";
			targets = (
				569C85E728E5C92500994E47 /* Cryptic API */,
			);
		};
/* End PBXProject section */

/* Begin PBXResourcesBuildPhase section */
		569C85E628E5C92500994E47 /* Resources */ = {
			isa = PBXResourcesBuildPhase;
			buildActionMask = 2147483647;
			files = (
				569C85F828E5C92600994E47 /* LaunchScreen.storyboard in Resources */,
				569C85F528E5C92600994E47 /* Assets.xcassets in Resources */,
			);
			runOnlyForDeploymentPostprocessing = 0;
		};
/* End PBXResourcesBuildPhase section */

/* Begin PBXSourcesBuildPhase section */
		569C85E428E5C92500994E47 /* Sources */ = {
			isa = PBXSourcesBuildPhase;
			buildActionMask = 2147483647;
			files = (
				569C862A28E5F87A00994E47 /* TaskBuilder.swift in Sources */,
				569C860828E5CDB000994E47 /* AnyError.swift in Sources */,
				569C862D28E5FB2600994E47 /* BackendMethod.swift in Sources */,
				569C861C28E5DCAD00994E47 /* JSONManager.swift in Sources */,
				569C862428E5F3FD00994E47 /* HTTPMethod.swift in Sources */,
				569C85F028E5C92500994E47 /* ViewController.swift in Sources */,
				569C85EC28E5C92500994E47 /* AppDelegate.swift in Sources */,
				569C863828E747DB00994E47 /* CrypticAPI.swift in Sources */,
				569C862828E5F58500994E47 /* URLRequestBuilder.swift in Sources */,
				569C862028E5E08A00994E47 /* DataTaskResultDataFormatter.swift in Sources */,
				569C861028E5D48200994E47 /* DataTaskResult.swift in Sources */,
				569C861928E5DB5C00994E47 /* Date Constants.swift in Sources */,
				569C861E28E5DEA300994E47 /* JSONDataFormatter.swift in Sources */,
				569C860628E5CDA700994E47 /* DescribedError.swift in Sources */,
				569C862F28E5FCD700994E47 /* DefaultBackendMethod.swift in Sources */,
				569C85EE28E5C92500994E47 /* SceneDelegate.swift in Sources */,
				569C861428E5D9DA00994E47 /* DataTaskResultHandler.swift in Sources */,
				569C860D28E5D32500994E47 /* Task.swift in Sources */,
				569C862628E5F45200994E47 /* APIRequest.swift in Sources */,
				569C860A28E5D17D00994E47 /* APIError.swift in Sources */,
			);
			runOnlyForDeploymentPostprocessing = 0;
		};
/* End PBXSourcesBuildPhase section */

/* Begin PBXVariantGroup section */
		569C85F628E5C92600994E47 /* LaunchScreen.storyboard */ = {
			isa = PBXVariantGroup;
			children = (
				569C85F728E5C92600994E47 /* Base */,
			);
			name = LaunchScreen.storyboard;
			sourceTree = "<group>";
		};
/* End PBXVariantGroup section */

/* Begin XCBuildConfiguration section */
		569C85FA28E5C92600994E47 /* Debug */ = {
			isa = XCBuildConfiguration;
			buildSettings = {
				ALWAYS_SEARCH_USER_PATHS = NO;
				CLANG_ANALYZER_NONNULL = YES;
				CLANG_ANALYZER_NUMBER_OBJECT_CONVERSION = YES_AGGRESSIVE;
				CLANG_CXX_LANGUAGE_STANDARD = "gnu++17";
				CLANG_ENABLE_MODULES = YES;
				CLANG_ENABLE_OBJC_ARC = YES;
				CLANG_ENABLE_OBJC_WEAK = YES;
				CLANG_WARN_BLOCK_CAPTURE_AUTORELEASING = YES;
				CLANG_WARN_BOOL_CONVERSION = YES;
				CLANG_WARN_COMMA = YES;
				CLANG_WARN_CONSTANT_CONVERSION = YES;
				CLANG_WARN_DEPRECATED_OBJC_IMPLEMENTATIONS = YES;
				CLANG_WARN_DIRECT_OBJC_ISA_USAGE = YES_ERROR;
				CLANG_WARN_DOCUMENTATION_COMMENTS = YES;
				CLANG_WARN_EMPTY_BODY = YES;
				CLANG_WARN_ENUM_CONVERSION = YES;
				CLANG_WARN_INFINITE_RECURSION = YES;
				CLANG_WARN_INT_CONVERSION = YES;
				CLANG_WARN_NON_LITERAL_NULL_CONVERSION = YES;
				CLANG_WARN_OBJC_IMPLICIT_RETAIN_SELF = YES;
				CLANG_WARN_OBJC_LITERAL_CONVERSION = YES;
				CLANG_WARN_OBJC_ROOT_CLASS = YES_ERROR;
				CLANG_WARN_QUOTED_INCLUDE_IN_FRAMEWORK_HEADER = YES;
				CLANG_WARN_RANGE_LOOP_ANALYSIS = YES;
				CLANG_WARN_STRICT_PROTOTYPES = YES;
				CLANG_WARN_SUSPICIOUS_MOVE = YES;
				CLANG_WARN_UNGUARDED_AVAILABILITY = YES_AGGRESSIVE;
				CLANG_WARN_UNREACHABLE_CODE = YES;
				CLANG_WARN__DUPLICATE_METHOD_MATCH = YES;
				COPY_PHASE_STRIP = NO;
				DEBUG_INFORMATION_FORMAT = dwarf;
				ENABLE_STRICT_OBJC_MSGSEND = YES;
				ENABLE_TESTABILITY = YES;
				GCC_C_LANGUAGE_STANDARD = gnu11;
				GCC_DYNAMIC_NO_PIC = NO;
				GCC_NO_COMMON_BLOCKS = YES;
				GCC_OPTIMIZATION_LEVEL = 0;
				GCC_PREPROCESSOR_DEFINITIONS = (
					"DEBUG=1",
					"$(inherited)",
				);
				GCC_WARN_64_TO_32_BIT_CONVERSION = YES;
				GCC_WARN_ABOUT_RETURN_TYPE = YES_ERROR;
				GCC_WARN_UNDECLARED_SELECTOR = YES;
				GCC_WARN_UNINITIALIZED_AUTOS = YES_AGGRESSIVE;
				GCC_WARN_UNUSED_FUNCTION = YES;
				GCC_WARN_UNUSED_VARIABLE = YES;
				IPHONEOS_DEPLOYMENT_TARGET = 15.4;
				MTL_ENABLE_DEBUG_INFO = INCLUDE_SOURCE;
				MTL_FAST_MATH = YES;
				ONLY_ACTIVE_ARCH = YES;
				SDKROOT = iphoneos;
				SWIFT_ACTIVE_COMPILATION_CONDITIONS = DEBUG;
				SWIFT_OPTIMIZATION_LEVEL = "-Onone";
			};
			name = Debug;
		};
		569C85FB28E5C92600994E47 /* Release */ = {
			isa = XCBuildConfiguration;
			buildSettings = {
				ALWAYS_SEARCH_USER_PATHS = NO;
				CLANG_ANALYZER_NONNULL = YES;
				CLANG_ANALYZER_NUMBER_OBJECT_CONVERSION = YES_AGGRESSIVE;
				CLANG_CXX_LANGUAGE_STANDARD = "gnu++17";
				CLANG_ENABLE_MODULES = YES;
				CLANG_ENABLE_OBJC_ARC = YES;
				CLANG_ENABLE_OBJC_WEAK = YES;
				CLANG_WARN_BLOCK_CAPTURE_AUTORELEASING = YES;
				CLANG_WARN_BOOL_CONVERSION = YES;
				CLANG_WARN_COMMA = YES;
				CLANG_WARN_CONSTANT_CONVERSION = YES;
				CLANG_WARN_DEPRECATED_OBJC_IMPLEMENTATIONS = YES;
				CLANG_WARN_DIRECT_OBJC_ISA_USAGE = YES_ERROR;
				CLANG_WARN_DOCUMENTATION_COMMENTS = YES;
				CLANG_WARN_EMPTY_BODY = YES;
				CLANG_WARN_ENUM_CONVERSION = YES;
				CLANG_WARN_INFINITE_RECURSION = YES;
				CLANG_WARN_INT_CONVERSION = YES;
				CLANG_WARN_NON_LITERAL_NULL_CONVERSION = YES;
				CLANG_WARN_OBJC_IMPLICIT_RETAIN_SELF = YES;
				CLANG_WARN_OBJC_LITERAL_CONVERSION = YES;
				CLANG_WARN_OBJC_ROOT_CLASS = YES_ERROR;
				CLANG_WARN_QUOTED_INCLUDE_IN_FRAMEWORK_HEADER = YES;
				CLANG_WARN_RANGE_LOOP_ANALYSIS = YES;
				CLANG_WARN_STRICT_PROTOTYPES = YES;
				CLANG_WARN_SUSPICIOUS_MOVE = YES;
				CLANG_WARN_UNGUARDED_AVAILABILITY = YES_AGGRESSIVE;
				CLANG_WARN_UNREACHABLE_CODE = YES;
				CLANG_WARN__DUPLICATE_METHOD_MATCH = YES;
				COPY_PHASE_STRIP = NO;
				DEBUG_INFORMATION_FORMAT = "dwarf-with-dsym";
				ENABLE_NS_ASSERTIONS = NO;
				ENABLE_STRICT_OBJC_MSGSEND = YES;
				GCC_C_LANGUAGE_STANDARD = gnu11;
				GCC_NO_COMMON_BLOCKS = YES;
				GCC_WARN_64_TO_32_BIT_CONVERSION = YES;
				GCC_WARN_ABOUT_RETURN_TYPE = YES_ERROR;
				GCC_WARN_UNDECLARED_SELECTOR = YES;
				GCC_WARN_UNINITIALIZED_AUTOS = YES_AGGRESSIVE;
				GCC_WARN_UNUSED_FUNCTION = YES;
				GCC_WARN_UNUSED_VARIABLE = YES;
				IPHONEOS_DEPLOYMENT_TARGET = 15.4;
				MTL_ENABLE_DEBUG_INFO = NO;
				MTL_FAST_MATH = YES;
				SDKROOT = iphoneos;
				SWIFT_COMPILATION_MODE = wholemodule;
				SWIFT_OPTIMIZATION_LEVEL = "-O";
				VALIDATE_PRODUCT = YES;
			};
			name = Release;
		};
		569C85FD28E5C92600994E47 /* Debug */ = {
			isa = XCBuildConfiguration;
			buildSettings = {
				ASSETCATALOG_COMPILER_APPICON_NAME = AppIcon;
				ASSETCATALOG_COMPILER_GLOBAL_ACCENT_COLOR_NAME = AccentColor;
				CODE_SIGN_STYLE = Automatic;
				CURRENT_PROJECT_VERSION = 1;
				DEVELOPMENT_TEAM = 236B3R3Z3Y;
				GENERATE_INFOPLIST_FILE = YES;
				INFOPLIST_FILE = "Cryptic API/Info.plist";
				INFOPLIST_KEY_UIApplicationSupportsIndirectInputEvents = YES;
				INFOPLIST_KEY_UILaunchStoryboardName = LaunchScreen;
				INFOPLIST_KEY_UISupportedInterfaceOrientations_iPad = "UIInterfaceOrientationPortrait UIInterfaceOrientationPortraitUpsideDown UIInterfaceOrientationLandscapeLeft UIInterfaceOrientationLandscapeRight";
				INFOPLIST_KEY_UISupportedInterfaceOrientations_iPhone = "UIInterfaceOrientationPortrait UIInterfaceOrientationLandscapeLeft UIInterfaceOrientationLandscapeRight";
				LD_RUNPATH_SEARCH_PATHS = (
					"$(inherited)",
					"@executable_path/Frameworks",
				);
				MARKETING_VERSION = 1.0;
				PRODUCT_BUNDLE_IDENTIFIER = "slik.Cryptic-API";
				PRODUCT_NAME = "$(TARGET_NAME)";
				SWIFT_EMIT_LOC_STRINGS = YES;
				SWIFT_VERSION = 5.0;
				TARGETED_DEVICE_FAMILY = "1,2";
			};
			name = Debug;
		};
		569C85FE28E5C92600994E47 /* Release */ = {
			isa = XCBuildConfiguration;
			buildSettings = {
				ASSETCATALOG_COMPILER_APPICON_NAME = AppIcon;
				ASSETCATALOG_COMPILER_GLOBAL_ACCENT_COLOR_NAME = AccentColor;
				CODE_SIGN_STYLE = Automatic;
				CURRENT_PROJECT_VERSION = 1;
				DEVELOPMENT_TEAM = 236B3R3Z3Y;
				GENERATE_INFOPLIST_FILE = YES;
				INFOPLIST_FILE = "Cryptic API/Info.plist";
				INFOPLIST_KEY_UIApplicationSupportsIndirectInputEvents = YES;
				INFOPLIST_KEY_UILaunchStoryboardName = LaunchScreen;
				INFOPLIST_KEY_UISupportedInterfaceOrientations_iPad = "UIInterfaceOrientationPortrait UIInterfaceOrientationPortraitUpsideDown UIInterfaceOrientationLandscapeLeft UIInterfaceOrientationLandscapeRight";
				INFOPLIST_KEY_UISupportedInterfaceOrientations_iPhone = "UIInterfaceOrientationPortrait UIInterfaceOrientationLandscapeLeft UIInterfaceOrientationLandscapeRight";
				LD_RUNPATH_SEARCH_PATHS = (
					"$(inherited)",
					"@executable_path/Frameworks",
				);
				MARKETING_VERSION = 1.0;
				PRODUCT_BUNDLE_IDENTIFIER = "slik.Cryptic-API";
				PRODUCT_NAME = "$(TARGET_NAME)";
				SWIFT_EMIT_LOC_STRINGS = YES;
				SWIFT_VERSION = 5.0;
				TARGETED_DEVICE_FAMILY = "1,2";
			};
			name = Release;
		};
/* End XCBuildConfiguration section */

/* Begin XCConfigurationList section */
		569C85E328E5C92500994E47 /* Build configuration list for PBXProject "Cryptic API" */ = {
			isa = XCConfigurationList;
			buildConfigurations = (
				569C85FA28E5C92600994E47 /* Debug */,
				569C85FB28E5C92600994E47 /* Release */,
			);
			defaultConfigurationIsVisible = 0;
			defaultConfigurationName = Release;
		};
		569C85FC28E5C92600994E47 /* Build configuration list for PBXNativeTarget "Cryptic API" */ = {
			isa = XCConfigurationList;
			buildConfigurations = (
				569C85FD28E5C92600994E47 /* Debug */,
				569C85FE28E5C92600994E47 /* Release */,
			);
			defaultConfigurationIsVisible = 0;
			defaultConfigurationName = Release;
		};
/* End XCConfigurationList section */
	};
	rootObject = 569C85E028E5C92500994E47 /* Project object */;
}
